<?xml version="1.0" encoding="utf-8"?>
<Project ToolsVersion="4.0" xmlns="http://schemas.microsoft.com/developer/msbuild/2003">
  <ItemGroup>
    <Filter Include="src">
      <UniqueIdentifier>{05a46859-abec-4788-a72e-0e9c4e16c0ba}</UniqueIdentifier>
    </Filter>
    <Filter Include="src\Math">
      <UniqueIdentifier>{18de9c0f-ea6b-4092-ba7c-4d08d21f9761}</UniqueIdentifier>
    </Filter>
    <Filter Include="src\Core">
      <UniqueIdentifier>{bc9d3e7d-74fd-4a72-a759-3158faa8e9c9}</UniqueIdentifier>
    </Filter>
    <Filter Include="src\Camera">
      <UniqueIdentifier>{d562ed20-a8b2-4ad4-929c-cfda51fe7061}</UniqueIdentifier>
    </Filter>
    <Filter Include="src\Model">
      <UniqueIdentifier>{810747c3-8c22-4744-9a40-5a43192d5106}</UniqueIdentifier>
    </Filter>
    <Filter Include="src\Model\Mesh">
      <UniqueIdentifier>{7ccf0682-191e-4b5a-9851-1ac16b3635b5}</UniqueIdentifier>
    </Filter>
    <Filter Include="src\Math\Transform">
      <UniqueIdentifier>{e01bf716-0ebe-497a-bb61-4e93b98be97c}</UniqueIdentifier>
    </Filter>
    <Filter Include="src\Context">
      <UniqueIdentifier>{ef3e1f4f-c3cc-4d22-aa4e-72b7087bd286}</UniqueIdentifier>
    </Filter>
    <Filter Include="src\Light">
      <UniqueIdentifier>{7b45e552-66ea-49c5-b73e-df25400f1af1}</UniqueIdentifier>
    </Filter>
    <Filter Include="src\Model\Material">
      <UniqueIdentifier>{564bf2ba-11bf-4741-8e34-e878f3d4471e}</UniqueIdentifier>
    </Filter>
    <Filter Include="src\Texture">
      <UniqueIdentifier>{2bbfd79d-4a6d-4d7e-b021-60feb88cb363}</UniqueIdentifier>
    </Filter>
    <Filter Include="src\Buffer">
      <UniqueIdentifier>{3f17f754-2b68-43a0-aaee-e5f8a098c9a5}</UniqueIdentifier>
    </Filter>
    <Filter Include="src\Shader">
      <UniqueIdentifier>{515659af-0b54-4b73-ae6a-c1cfedba0c2d}</UniqueIdentifier>
    </Filter>
    <Filter Include="src\Shadow">
      <UniqueIdentifier>{c3a76853-2458-4672-aef8-d2c3acb2d3b1}</UniqueIdentifier>
    </Filter>
    <Filter Include="src\Model\Primitives">
      <UniqueIdentifier>{e8e30c14-4787-41d7-bc04-b4aef278c961}</UniqueIdentifier>
    </Filter>
    <Filter Include="src\Effect">
      <UniqueIdentifier>{ae9c5671-ecc6-480d-887d-7d9f5e3eeacb}</UniqueIdentifier>
    </Filter>
    <Filter Include="src\Render">
      <UniqueIdentifier>{89a61e0b-fc3a-4529-9942-c9968ded9295}</UniqueIdentifier>
    </Filter>
    <Filter Include="shader">
      <UniqueIdentifier>{366cbb1e-bda5-4c82-9dde-38ed1bb71c69}</UniqueIdentifier>
    </Filter>
  </ItemGroup>
  <ItemGroup>
    <ClInclude Include="src\Math\Vector3.h">
      <Filter>src\Math</Filter>
    </ClInclude>
    <ClInclude Include="src\Math\Vector4.h">
      <Filter>src\Math</Filter>
    </ClInclude>
    <ClInclude Include="src\Math\Matrix3x3.h">
      <Filter>src\Math</Filter>
    </ClInclude>
    <ClInclude Include="src\Math\Matrix4x4.h">
      <Filter>src\Math</Filter>
    </ClInclude>
    <ClInclude Include="src\Math\Vector2.h">
      <Filter>src\Math</Filter>
    </ClInclude>
    <ClInclude Include="src\Core\PointerTypes.h">
      <Filter>src\Core</Filter>
    </ClInclude>
    <ClInclude Include="src\Core\OpenGLPCH.h">
      <Filter>src\Core</Filter>
    </ClInclude>
    <ClInclude Include="src\Camera\Camera.h">
      <Filter>src\Camera</Filter>
    </ClInclude>
    <ClInclude Include="src\Model\Mesh\Mesh.h">
      <Filter>src\Model\Mesh</Filter>
    </ClInclude>
    <ClInclude Include="src\Context\Setting.h">
      <Filter>src\Context</Filter>
    </ClInclude>
    <ClInclude Include="src\Context\OpenGLContext.h">
      <Filter>src\Context</Filter>
    </ClInclude>
    <ClInclude Include="src\Context\Scene.h">
      <Filter>src\Context</Filter>
    </ClInclude>
    <ClInclude Include="src\Core\Utility.h">
      <Filter>src\Core</Filter>
    </ClInclude>
    <ClInclude Include="src\Model\Mesh\ObjModelLoader.h">
      <Filter>src\Model</Filter>
    </ClInclude>
    <ClInclude Include="src\Model\Mesh\ModelLoaderBase.h">
      <Filter>src\Model</Filter>
    </ClInclude>
    <ClInclude Include="src\Light\Light.h">
      <Filter>src\Light</Filter>
    </ClInclude>
    <ClInclude Include="src\Model\Model.h">
      <Filter>src\Model</Filter>
    </ClInclude>
    <ClInclude Include="src\Material\Material.h">
      <Filter>src\Model\Material</Filter>
    </ClInclude>
    <ClInclude Include="src\Math\Quaternion.h">
      <Filter>src\Math</Filter>
    </ClInclude>
    <ClInclude Include="src\Math\Math.h">
      <Filter>src\Math</Filter>
    </ClInclude>
    <ClInclude Include="src\Texture\Texture.h">
      <Filter>src\Texture</Filter>
    </ClInclude>
    <ClInclude Include="src\Buffer\VertexBuffer.h">
      <Filter>src\Buffer</Filter>
    </ClInclude>
    <ClInclude Include="src\Buffer\Buffer.h">
      <Filter>src\Buffer</Filter>
    </ClInclude>
    <ClInclude Include="src\Buffer\IndexBuffer.h">
      <Filter>src\Buffer</Filter>
    </ClInclude>
    <ClInclude Include="src\Buffer\UniformBuffer.h">
      <Filter>src\Buffer</Filter>
    </ClInclude>
    <ClInclude Include="src\Buffer\UniformBufferMgr.h">
      <Filter>src\Buffer</Filter>
    </ClInclude>
    <ClInclude Include="src\Buffer\Framebuffer.h">
      <Filter>src\Buffer</Filter>
    </ClInclude>
    <ClInclude Include="src\Core\TypeDef.h">
      <Filter>src\Core</Filter>
    </ClInclude>
    <ClInclude Include="src\Shader\ShaderCompiler.h">
      <Filter>src\Shader</Filter>
    </ClInclude>
    <ClInclude Include="src\Shader\Shader.h">
      <Filter>src\Shader</Filter>
    </ClInclude>
    <ClInclude Include="src\Math\Structures.h">
      <Filter>src\Math</Filter>
    </ClInclude>
    <ClInclude Include="src\Math\Transform\Trans.h">
      <Filter>src\Math\Transform</Filter>
    </ClInclude>
    <ClInclude Include="src\Buffer\GBuffer.h">
      <Filter>src\Buffer</Filter>
    </ClInclude>
    <ClInclude Include="src\Shadow\ShadowMap.h">
      <Filter>src\Shadow</Filter>
    </ClInclude>
    <ClInclude Include="src\Shadow\SSAO.h">
      <Filter>src\Shadow</Filter>
    </ClInclude>
    <ClInclude Include="src\Model\Primitives\Quad.h">
      <Filter>src\Model\Primitives</Filter>
    </ClInclude>
    <ClInclude Include="src\Effect\BlurEffect.h">
      <Filter>src\Effect</Filter>
    </ClInclude>
    <ClInclude Include="src\Effect\Skybox.h">
      <Filter>src\Effect</Filter>
    </ClInclude>
    <ClInclude Include="src\Model\Primitives\Cube.h">
      <Filter>src\Model\Primitives</Filter>
    </ClInclude>
    <ClInclude Include="src\Model\Primitives\Primitive.h">
      <Filter>src\Model\Primitives</Filter>
    </ClInclude>
    <ClInclude Include="src\Math\Matrix2x2.h">
      <Filter>src\Math</Filter>
    </ClInclude>
    <ClInclude Include="src\Light\LightMgr.h">
      <Filter>src\Light</Filter>
    </ClInclude>
    <ClInclude Include="src\Light\LightProbe.h">
      <Filter>src\Light</Filter>
    </ClInclude>
    <ClInclude Include="src\Shadow\ShadowMgr.h">
      <Filter>src\Shadow</Filter>
    </ClInclude>
    <ClInclude Include="src\Core\Text.h">
      <Filter>src\Core</Filter>
    </ClInclude>
    <ClInclude Include="src\Model\Primitives\Sprite.h">
      <Filter>src\Model\Primitives</Filter>
    </ClInclude>
    <ClInclude Include="src\Core\UtilityGL.h">
      <Filter>src\Core</Filter>
    </ClInclude>
    <ClInclude Include="src\Render\ForwardPlusRender.h">
      <Filter>src\Render</Filter>
    </ClInclude>
    <ClInclude Include="src\Shader\GraphicsShader.h">
      <Filter>src\Shader</Filter>
    </ClInclude>
    <ClInclude Include="src\Shader\ComputeShader.h">
      <Filter>src\Shader</Filter>
    </ClInclude>
    <ClInclude Include="src\Buffer\Ssbo.h">
      <Filter>src\Buffer</Filter>
    </ClInclude>
    <ClInclude Include="src\Buffer\SsboMgr.h">
      <Filter>src\Buffer</Filter>
    </ClInclude>
  </ItemGroup>
  <ItemGroup>
    <ClCompile Include="src\Core\OpenGLPCH.cpp">
      <Filter>src\Core</Filter>
    </ClCompile>
    <ClCompile Include="src\Camera\ProspectiveCamera.cpp">
      <Filter>src\Camera</Filter>
    </ClCompile>
    <ClCompile Include="src\Model\Mesh\Mesh.cpp">
      <Filter>src\Model\Mesh</Filter>
    </ClCompile>
    <ClCompile Include="src\Camera\Camera.cpp">
      <Filter>src\Camera</Filter>
    </ClCompile>
    <ClCompile Include="src\Context\OpenGLContext.cpp">
      <Filter>src\Context</Filter>
    </ClCompile>
    <ClCompile Include="src\Context\Scene.cpp">
      <Filter>src\Context</Filter>
    </ClCompile>
    <ClCompile Include="src\Core\Utility.cpp">
      <Filter>src\Core</Filter>
    </ClCompile>
    <ClCompile Include="src\Model\Mesh\ObjModelLoader.cpp">
      <Filter>src\Model</Filter>
    </ClCompile>
    <ClCompile Include="src\Model\Mesh\ModelLoaderBase.cpp">
      <Filter>src\Model</Filter>
    </ClCompile>
    <ClCompile Include="src\Light\Light.cpp">
      <Filter>src\Light</Filter>
    </ClCompile>
    <ClCompile Include="src\Light\DirectionalLight.cpp">
      <Filter>src\Light</Filter>
    </ClCompile>
    <ClCompile Include="src\Context\Setting.cpp">
      <Filter>src\Context</Filter>
    </ClCompile>
    <ClCompile Include="src\Light\PointLight.cpp">
      <Filter>src\Light</Filter>
    </ClCompile>
    <ClCompile Include="src\Light\SpotLight.cpp">
      <Filter>src\Light</Filter>
    </ClCompile>
    <ClCompile Include="src\Model\Model.cpp">
      <Filter>src\Model</Filter>
    </ClCompile>
    <ClCompile Include="src\Material\Material.cpp">
      <Filter>src\Model\Material</Filter>
    </ClCompile>
    <ClCompile Include="src\Math\Math.cpp">
      <Filter>src\Math</Filter>
    </ClCompile>
    <ClCompile Include="src\Texture\Texture2D.cpp">
      <Filter>src\Texture</Filter>
    </ClCompile>
    <ClCompile Include="src\Texture\Texture.cpp">
      <Filter>src\Texture</Filter>
    </ClCompile>
    <ClCompile Include="src\Texture\Texture3D.cpp">
      <Filter>src\Texture</Filter>
    </ClCompile>
    <ClCompile Include="src\Buffer\VertexBuffer.cpp">
      <Filter>src\Buffer</Filter>
    </ClCompile>
    <ClCompile Include="src\Buffer\UniformBuffer.cpp">
      <Filter>src\Buffer</Filter>
    </ClCompile>
    <ClCompile Include="src\Buffer\UniformBufferMgr.cpp">
      <Filter>src\Buffer</Filter>
    </ClCompile>
    <ClCompile Include="src\Buffer\Framebuffer.cpp">
      <Filter>src\Buffer</Filter>
    </ClCompile>
    <ClCompile Include="src\Buffer\DepthFramebuffer.cpp">
      <Filter>src\Buffer</Filter>
    </ClCompile>
    <ClCompile Include="src\Shader\ShaderCompiler.cpp">
      <Filter>src\Shader</Filter>
    </ClCompile>
    <ClCompile Include="src\Shader\Shader.cpp">
      <Filter>src\Shader</Filter>
    </ClCompile>
    <ClCompile Include="src\Camera\OrthographicCamera.cpp">
      <Filter>src\Camera</Filter>
    </ClCompile>
    <ClCompile Include="src\Math\Transform\Trans.cpp">
      <Filter>src\Math\Transform</Filter>
    </ClCompile>
    <ClCompile Include="src\Buffer\GBuffer.cpp">
      <Filter>src\Buffer</Filter>
    </ClCompile>
    <ClCompile Include="src\Shadow\ShadowMap.cpp">
      <Filter>src\Shadow</Filter>
    </ClCompile>
    <ClCompile Include="src\Shadow\SSAO.cpp">
      <Filter>src\Shadow</Filter>
    </ClCompile>
    <ClCompile Include="src\Model\Primitives\Quad.cpp">
      <Filter>src\Model\Primitives</Filter>
    </ClCompile>
    <ClCompile Include="src\Effect\BlurEffect.cpp">
      <Filter>src\Effect</Filter>
    </ClCompile>
    <ClCompile Include="src\Effect\Skybox.cpp">
      <Filter>src\Effect</Filter>
    </ClCompile>
    <ClCompile Include="src\Texture\Cubemap.cpp">
      <Filter>src\Texture</Filter>
    </ClCompile>
    <ClCompile Include="src\Model\Primitives\Cube.cpp">
      <Filter>src\Model\Primitives</Filter>
    </ClCompile>
    <ClCompile Include="src\Model\Primitives\Primitive.cpp">
      <Filter>src\Model\Primitives</Filter>
    </ClCompile>
    <ClCompile Include="src\Light\LightMgr.cpp">
      <Filter>src\Light</Filter>
    </ClCompile>
    <ClCompile Include="src\Light\LightProbe.cpp">
      <Filter>src\Light</Filter>
    </ClCompile>
    <ClCompile Include="src\Shadow\ShadowMgr.cpp">
      <Filter>src\Shadow</Filter>
    </ClCompile>
    <ClCompile Include="src\Core\Text.cpp">
      <Filter>src\Core</Filter>
    </ClCompile>
    <ClCompile Include="src\Model\Primitives\Sprite.cpp">
      <Filter>src\Model\Primitives</Filter>
    </ClCompile>
    <ClCompile Include="src\Render\ForwardPlusRender.cpp">
      <Filter>src\Render</Filter>
    </ClCompile>
    <ClCompile Include="src\Shader\GraphicsShader.cpp">
      <Filter>src\Shader</Filter>
    </ClCompile>
    <ClCompile Include="src\Shader\ComputeShader.cpp">
      <Filter>src\Shader</Filter>
    </ClCompile>
    <ClCompile Include="src\Buffer\Ssbo.cpp">
      <Filter>src\Buffer</Filter>
    </ClCompile>
    <ClCompile Include="src\Buffer\SsboMgr.cpp">
      <Filter>src\Buffer</Filter>
    </ClCompile>
  </ItemGroup>
  <ItemGroup>
    <None Include="..\resources\shaders\GridFrustumsCompute.cs">
      <Filter>shader</Filter>
    </None>
    <None Include="..\resources\shaders\Light.hglsl">
      <Filter>shader</Filter>
    </None>
    <None Include="..\resources\shaders\LightCulling.cs">
      <Filter>shader</Filter>
    </None>
    <None Include="..\resources\shaders\MainScene.frag">
      <Filter>shader</Filter>
    </None>
    <None Include="..\resources\shaders\MainScene.vert">
      <Filter>shader</Filter>
    </None>
    <None Include="..\resources\shaders\MainSceneCookTorrance.frag">
      <Filter>shader</Filter>
    </None>
    <None Include="..\resources\shaders\MainSceneDefferedDraw.frag">
      <Filter>shader</Filter>
    </None>
    <None Include="..\resources\shaders\MainSceneDefferedDraw.vert">
      <Filter>shader</Filter>
    </None>
    <None Include="..\resources\shaders\Material.hglsl">
      <Filter>shader</Filter>
    </None>
    <None Include="..\resources\shaders\ShadowMap.frag">
      <Filter>shader</Filter>
    </None>
    <None Include="..\resources\shaders\ShadowMap.vert">
      <Filter>shader</Filter>
    </None>
    <None Include="..\resources\shaders\Skybox.frag">
      <Filter>shader</Filter>
    </None>
    <None Include="..\resources\shaders\Skybox.vert">
      <Filter>shader</Filter>
    </None>
    <None Include="..\resources\shaders\Sprite.frag">
      <Filter>shader</Filter>
    </None>
    <None Include="..\resources\shaders\Sprite.vert">
      <Filter>shader</Filter>
    </None>
    <None Include="..\resources\shaders\SSAO.frag">
      <Filter>shader</Filter>
    </None>
    <None Include="..\resources\shaders\SSAO.vert">
      <Filter>shader</Filter>
    </None>
    <None Include="..\resources\shaders\Text.frag">
      <Filter>shader</Filter>
    </None>
    <None Include="..\resources\shaders\Text.vert">
      <Filter>shader</Filter>
    </None>
    <None Include="..\resources\shaders\TextureBlur.frag">
      <Filter>shader</Filter>
    </None>
    <None Include="..\resources\shaders\TextureBlur.vert">
      <Filter>shader</Filter>
    </None>
    <None Include="..\resources\shaders\Utilities.hglsl">
      <Filter>shader</Filter>
    </None>
    <None Include="..\resources\shaders\BRDF.hglsl">
      <Filter>shader</Filter>
    </None>
    <None Include="..\resources\shaders\CookTorranceDefferedDraw.frag">
      <Filter>shader</Filter>
    </None>
    <None Include="..\resources\shaders\Frustum.hglsl">
      <Filter>shader</Filter>
    </None>
    <None Include="..\resources\shaders\GBuffer.frag">
      <Filter>shader</Filter>
    </None>
    <None Include="..\resources\shaders\GBuffer.vert">
      <Filter>shader</Filter>
    </None>
    <None Include="..\resources\shaders\GBufferPBR.frag">
      <Filter>shader</Filter>
    </None>
  </ItemGroup>
</Project>