<?xml version="1.0" encoding="utf-8"?>
<Project ToolsVersion="4.0" xmlns="http://schemas.microsoft.com/developer/msbuild/2003">
  <ItemGroup>
    <Filter Include="src">
      <UniqueIdentifier>{05a46859-abec-4788-a72e-0e9c4e16c0ba}</UniqueIdentifier>
    </Filter>
    <Filter Include="src\Math">
      <UniqueIdentifier>{18de9c0f-ea6b-4092-ba7c-4d08d21f9761}</UniqueIdentifier>
    </Filter>
    <Filter Include="src\Memory">
      <UniqueIdentifier>{0b698246-b82d-4a92-8d3b-61e85bc02e42}</UniqueIdentifier>
    </Filter>
    <Filter Include="src\Mesh">
      <UniqueIdentifier>{235ac7bc-c617-4e6a-ba69-e985776775af}</UniqueIdentifier>
    </Filter>
    <Filter Include="src\Compiler">
      <UniqueIdentifier>{515659af-0b54-4b73-ae6a-c1cfedba0c2d}</UniqueIdentifier>
    </Filter>
    <Filter Include="src\Mesh\Buffer">
      <UniqueIdentifier>{ffa17c06-23ae-4eb3-ac42-0fc7caa2b65c}</UniqueIdentifier>
    </Filter>
    <Filter Include="src\Core">
      <UniqueIdentifier>{bc9d3e7d-74fd-4a72-a759-3158faa8e9c9}</UniqueIdentifier>
    </Filter>
    <Filter Include="src\Camera">
      <UniqueIdentifier>{d562ed20-a8b2-4ad4-929c-cfda51fe7061}</UniqueIdentifier>
    </Filter>
    <Filter Include="src\Mesh\Model">
      <UniqueIdentifier>{1951c36e-a407-4290-89c8-b6b7db35305e}</UniqueIdentifier>
    </Filter>
  </ItemGroup>
  <ItemGroup>
    <ClInclude Include="include\Mesh\Buffer.h">
      <Filter>src\Mesh\Buffer</Filter>
    </ClInclude>
    <ClInclude Include="include\Mesh\IndexBuffer.h">
      <Filter>src\Mesh\Buffer</Filter>
    </ClInclude>
    <ClInclude Include="include\Mesh\VertexBuffer.h">
      <Filter>src\Mesh\Buffer</Filter>
    </ClInclude>
    <ClInclude Include="src\Compiler\ShaderCompiler.h">
      <Filter>src\Compiler</Filter>
    </ClInclude>
    <ClInclude Include="src\Math\Vector3.h">
      <Filter>src\Math</Filter>
    </ClInclude>
    <ClInclude Include="src\Math\Vector4.h">
      <Filter>src\Math</Filter>
    </ClInclude>
    <ClInclude Include="src\Math\Matrix3x3.h">
      <Filter>src\Math</Filter>
    </ClInclude>
    <ClInclude Include="src\Math\Matrix4x4.h">
      <Filter>src\Math</Filter>
    </ClInclude>
    <ClInclude Include="src\Math\Vector2.h">
      <Filter>src\Math</Filter>
    </ClInclude>
    <ClInclude Include="src\Core\PointerTypes.h">
      <Filter>src\Core</Filter>
    </ClInclude>
    <ClInclude Include="src\Mesh\Model\ModelLoaderBase.h">
      <Filter>src\Mesh\Model</Filter>
    </ClInclude>
    <ClInclude Include="src\Mesh\Model\ObjModelLoader.h">
      <Filter>src\Mesh\Model</Filter>
    </ClInclude>
    <ClInclude Include="src\Core\OpenGLPCH.h">
      <Filter>src\Core</Filter>
    </ClInclude>
    <ClInclude Include="src\Core\Helper.h">
      <Filter>src\Core</Filter>
    </ClInclude>
    <ClInclude Include="src\Mesh\Model\Mesh.h">
      <Filter>src\Mesh\Model</Filter>
    </ClInclude>
    <ClInclude Include="src\Memory\MemoryPool.h">
      <Filter>src\Memory</Filter>
    </ClInclude>
  </ItemGroup>
  <ItemGroup>
    <ClCompile Include="src\Mesh\Buffer\VertexBuffer.cpp">
      <Filter>src\Mesh\Buffer</Filter>
    </ClCompile>
    <ClCompile Include="src\Compiler\ShaderCompiler.cpp">
      <Filter>src\Compiler</Filter>
    </ClCompile>
    <ClCompile Include="src\Memory\MemoryPool.cpp">
      <Filter>src\Memory</Filter>
    </ClCompile>
    <ClCompile Include="src\Core\OpenGLPCH.cpp">
      <Filter>src\Core</Filter>
    </ClCompile>
    <ClCompile Include="src\Mesh\Model\ModelLoaderBase.cpp">
      <Filter>src\Mesh\Model</Filter>
    </ClCompile>
    <ClCompile Include="src\Mesh\Model\ObjModelLoader.cpp">
      <Filter>src\Mesh\Model</Filter>
    </ClCompile>
    <ClCompile Include="src\Mesh\Model\Mesh.cpp">
      <Filter>src\Mesh\Model</Filter>
    </ClCompile>
  </ItemGroup>
</Project>