
Microsoft Visual Studio Solution File, Format Version 12.00
# Visual Studio 14
VisualStudioVersion = 14.0.24720.0
MinimumVisualStudioVersion = 10.0.40219.1
Project("{8BC9CEB8-8B4A-11D0-8D11-00A0C91BC942}") = "OpenGLTemplate", "OpenGLTemplate\OpenGLTemplate.vcxproj", "{3E791E73-AAEE-4BF3-AC97-5BF440777F4F}"
EndProject
Project("{8BC9CEB8-8B4A-11D0-8D11-00A0C91BC942}") = "glfw", "extern\glfw-3.2\build\vc14\src\glfw.vcxproj", "{A3F15A0A-40E5-3A64-A8D1-0E84677D761B}"
EndProject
Project("{8BC9CEB8-8B4A-11D0-8D11-00A0C91BC942}") = "glew", "extern\glew-1.13.0\build\vc14\glew.vcxproj", "{2D3F88DC-584A-361B-BB8C-9FAC6BBD178A}"
EndProject
Project("{8BC9CEB8-8B4A-11D0-8D11-00A0C91BC942}") = "DrawTriangle", "DrawTriangle\DrawTriangle.vcxproj", "{E7EECA39-B1E4-4C29-8B8A-91D7504F26A1}"
EndProject
Project("{8BC9CEB8-8B4A-11D0-8D11-00A0C91BC942}") = "OpenGLTools", "OpenGLTools\OpenGLTools.vcxproj", "{855C7BF4-681D-4EA9-A240-FA9483CED820}"
EndProject
Global
	GlobalSection(SolutionConfigurationPlatforms) = preSolution
		Debug MX|Mixed Platforms = Debug MX|Mixed Platforms
		Debug MX|Win32 = Debug MX|Win32
		Debug MX|x64 = Debug MX|x64
		Debug MX|x86 = Debug MX|x86
		Debug|Mixed Platforms = Debug|Mixed Platforms
		Debug|Win32 = Debug|Win32
		Debug|x64 = Debug|x64
		Debug|x86 = Debug|x86
		MinSizeRel|Mixed Platforms = MinSizeRel|Mixed Platforms
		MinSizeRel|Win32 = MinSizeRel|Win32
		MinSizeRel|x64 = MinSizeRel|x64
		MinSizeRel|x86 = MinSizeRel|x86
		Release MX|Mixed Platforms = Release MX|Mixed Platforms
		Release MX|Win32 = Release MX|Win32
		Release MX|x64 = Release MX|x64
		Release MX|x86 = Release MX|x86
		Release|Mixed Platforms = Release|Mixed Platforms
		Release|Win32 = Release|Win32
		Release|x64 = Release|x64
		Release|x86 = Release|x86
		RelWithDebInfo|Mixed Platforms = RelWithDebInfo|Mixed Platforms
		RelWithDebInfo|Win32 = RelWithDebInfo|Win32
		RelWithDebInfo|x64 = RelWithDebInfo|x64
		RelWithDebInfo|x86 = RelWithDebInfo|x86
	EndGlobalSection
	GlobalSection(ProjectConfigurationPlatforms) = postSolution
		{3E791E73-AAEE-4BF3-AC97-5BF440777F4F}.Debug MX|Mixed Platforms.ActiveCfg = Debug|Win32
		{3E791E73-AAEE-4BF3-AC97-5BF440777F4F}.Debug MX|Mixed Platforms.Build.0 = Debug|Win32
		{3E791E73-AAEE-4BF3-AC97-5BF440777F4F}.Debug MX|Win32.ActiveCfg = Debug|Win32
		{3E791E73-AAEE-4BF3-AC97-5BF440777F4F}.Debug MX|Win32.Build.0 = Debug|Win32
		{3E791E73-AAEE-4BF3-AC97-5BF440777F4F}.Debug MX|x64.ActiveCfg = Debug|x64
		{3E791E73-AAEE-4BF3-AC97-5BF440777F4F}.Debug MX|x64.Build.0 = Debug|x64
		{3E791E73-AAEE-4BF3-AC97-5BF440777F4F}.Debug MX|x86.ActiveCfg = Debug|Win32
		{3E791E73-AAEE-4BF3-AC97-5BF440777F4F}.Debug MX|x86.Build.0 = Debug|Win32
		{3E791E73-AAEE-4BF3-AC97-5BF440777F4F}.Debug|Mixed Platforms.ActiveCfg = Debug|Win32
		{3E791E73-AAEE-4BF3-AC97-5BF440777F4F}.Debug|Mixed Platforms.Build.0 = Debug|Win32
		{3E791E73-AAEE-4BF3-AC97-5BF440777F4F}.Debug|Win32.ActiveCfg = Debug|Win32
		{3E791E73-AAEE-4BF3-AC97-5BF440777F4F}.Debug|Win32.Build.0 = Debug|Win32
		{3E791E73-AAEE-4BF3-AC97-5BF440777F4F}.Debug|x64.ActiveCfg = Debug|x64
		{3E791E73-AAEE-4BF3-AC97-5BF440777F4F}.Debug|x64.Build.0 = Debug|x64
		{3E791E73-AAEE-4BF3-AC97-5BF440777F4F}.Debug|x86.ActiveCfg = Debug|Win32
		{3E791E73-AAEE-4BF3-AC97-5BF440777F4F}.Debug|x86.Build.0 = Debug|Win32
		{3E791E73-AAEE-4BF3-AC97-5BF440777F4F}.MinSizeRel|Mixed Platforms.ActiveCfg = Release|Win32
		{3E791E73-AAEE-4BF3-AC97-5BF440777F4F}.MinSizeRel|Mixed Platforms.Build.0 = Release|Win32
		{3E791E73-AAEE-4BF3-AC97-5BF440777F4F}.MinSizeRel|Win32.ActiveCfg = Release|Win32
		{3E791E73-AAEE-4BF3-AC97-5BF440777F4F}.MinSizeRel|Win32.Build.0 = Release|Win32
		{3E791E73-AAEE-4BF3-AC97-5BF440777F4F}.MinSizeRel|x64.ActiveCfg = Release|x64
		{3E791E73-AAEE-4BF3-AC97-5BF440777F4F}.MinSizeRel|x64.Build.0 = Release|x64
		{3E791E73-AAEE-4BF3-AC97-5BF440777F4F}.MinSizeRel|x86.ActiveCfg = Release|Win32
		{3E791E73-AAEE-4BF3-AC97-5BF440777F4F}.MinSizeRel|x86.Build.0 = Release|Win32
		{3E791E73-AAEE-4BF3-AC97-5BF440777F4F}.Release MX|Mixed Platforms.ActiveCfg = Release|Win32
		{3E791E73-AAEE-4BF3-AC97-5BF440777F4F}.Release MX|Mixed Platforms.Build.0 = Release|Win32
		{3E791E73-AAEE-4BF3-AC97-5BF440777F4F}.Release MX|Win32.ActiveCfg = Release|Win32
		{3E791E73-AAEE-4BF3-AC97-5BF440777F4F}.Release MX|Win32.Build.0 = Release|Win32
		{3E791E73-AAEE-4BF3-AC97-5BF440777F4F}.Release MX|x64.ActiveCfg = Release|x64
		{3E791E73-AAEE-4BF3-AC97-5BF440777F4F}.Release MX|x64.Build.0 = Release|x64
		{3E791E73-AAEE-4BF3-AC97-5BF440777F4F}.Release MX|x86.ActiveCfg = Release|Win32
		{3E791E73-AAEE-4BF3-AC97-5BF440777F4F}.Release MX|x86.Build.0 = Release|Win32
		{3E791E73-AAEE-4BF3-AC97-5BF440777F4F}.Release|Mixed Platforms.ActiveCfg = Release|Win32
		{3E791E73-AAEE-4BF3-AC97-5BF440777F4F}.Release|Mixed Platforms.Build.0 = Release|Win32
		{3E791E73-AAEE-4BF3-AC97-5BF440777F4F}.Release|Win32.ActiveCfg = Release|Win32
		{3E791E73-AAEE-4BF3-AC97-5BF440777F4F}.Release|Win32.Build.0 = Release|Win32
		{3E791E73-AAEE-4BF3-AC97-5BF440777F4F}.Release|x64.ActiveCfg = Release|x64
		{3E791E73-AAEE-4BF3-AC97-5BF440777F4F}.Release|x64.Build.0 = Release|x64
		{3E791E73-AAEE-4BF3-AC97-5BF440777F4F}.Release|x86.ActiveCfg = Release|Win32
		{3E791E73-AAEE-4BF3-AC97-5BF440777F4F}.Release|x86.Build.0 = Release|Win32
		{3E791E73-AAEE-4BF3-AC97-5BF440777F4F}.RelWithDebInfo|Mixed Platforms.ActiveCfg = Release|Win32
		{3E791E73-AAEE-4BF3-AC97-5BF440777F4F}.RelWithDebInfo|Mixed Platforms.Build.0 = Release|Win32
		{3E791E73-AAEE-4BF3-AC97-5BF440777F4F}.RelWithDebInfo|Win32.ActiveCfg = Release|Win32
		{3E791E73-AAEE-4BF3-AC97-5BF440777F4F}.RelWithDebInfo|Win32.Build.0 = Release|Win32
		{3E791E73-AAEE-4BF3-AC97-5BF440777F4F}.RelWithDebInfo|x64.ActiveCfg = Release|x64
		{3E791E73-AAEE-4BF3-AC97-5BF440777F4F}.RelWithDebInfo|x64.Build.0 = Release|x64
		{3E791E73-AAEE-4BF3-AC97-5BF440777F4F}.RelWithDebInfo|x86.ActiveCfg = Release|Win32
		{3E791E73-AAEE-4BF3-AC97-5BF440777F4F}.RelWithDebInfo|x86.Build.0 = Release|Win32
		{A3F15A0A-40E5-3A64-A8D1-0E84677D761B}.Debug MX|Mixed Platforms.ActiveCfg = Debug|Win32
		{A3F15A0A-40E5-3A64-A8D1-0E84677D761B}.Debug MX|Mixed Platforms.Build.0 = Debug|Win32
		{A3F15A0A-40E5-3A64-A8D1-0E84677D761B}.Debug MX|Win32.ActiveCfg = Debug|Win32
		{A3F15A0A-40E5-3A64-A8D1-0E84677D761B}.Debug MX|Win32.Build.0 = Debug|Win32
		{A3F15A0A-40E5-3A64-A8D1-0E84677D761B}.Debug MX|x64.ActiveCfg = Release|Win32
		{A3F15A0A-40E5-3A64-A8D1-0E84677D761B}.Debug MX|x64.Build.0 = Release|Win32
		{A3F15A0A-40E5-3A64-A8D1-0E84677D761B}.Debug MX|x86.ActiveCfg = Debug|Win32
		{A3F15A0A-40E5-3A64-A8D1-0E84677D761B}.Debug MX|x86.Build.0 = Debug|Win32
		{A3F15A0A-40E5-3A64-A8D1-0E84677D761B}.Debug|Mixed Platforms.ActiveCfg = Debug|Win32
		{A3F15A0A-40E5-3A64-A8D1-0E84677D761B}.Debug|Mixed Platforms.Build.0 = Debug|Win32
		{A3F15A0A-40E5-3A64-A8D1-0E84677D761B}.Debug|Win32.ActiveCfg = Debug|Win32
		{A3F15A0A-40E5-3A64-A8D1-0E84677D761B}.Debug|Win32.Build.0 = Debug|Win32
		{A3F15A0A-40E5-3A64-A8D1-0E84677D761B}.Debug|x64.ActiveCfg = Debug|Win32
		{A3F15A0A-40E5-3A64-A8D1-0E84677D761B}.Debug|x86.ActiveCfg = Debug|Win32
		{A3F15A0A-40E5-3A64-A8D1-0E84677D761B}.Debug|x86.Build.0 = Debug|Win32
		{A3F15A0A-40E5-3A64-A8D1-0E84677D761B}.MinSizeRel|Mixed Platforms.ActiveCfg = MinSizeRel|Win32
		{A3F15A0A-40E5-3A64-A8D1-0E84677D761B}.MinSizeRel|Mixed Platforms.Build.0 = MinSizeRel|Win32
		{A3F15A0A-40E5-3A64-A8D1-0E84677D761B}.MinSizeRel|Win32.ActiveCfg = MinSizeRel|Win32
		{A3F15A0A-40E5-3A64-A8D1-0E84677D761B}.MinSizeRel|Win32.Build.0 = MinSizeRel|Win32
		{A3F15A0A-40E5-3A64-A8D1-0E84677D761B}.MinSizeRel|x64.ActiveCfg = MinSizeRel|Win32
		{A3F15A0A-40E5-3A64-A8D1-0E84677D761B}.MinSizeRel|x86.ActiveCfg = MinSizeRel|Win32
		{A3F15A0A-40E5-3A64-A8D1-0E84677D761B}.MinSizeRel|x86.Build.0 = MinSizeRel|Win32
		{A3F15A0A-40E5-3A64-A8D1-0E84677D761B}.Release MX|Mixed Platforms.ActiveCfg = Release|Win32
		{A3F15A0A-40E5-3A64-A8D1-0E84677D761B}.Release MX|Mixed Platforms.Build.0 = Release|Win32
		{A3F15A0A-40E5-3A64-A8D1-0E84677D761B}.Release MX|Win32.ActiveCfg = Release|Win32
		{A3F15A0A-40E5-3A64-A8D1-0E84677D761B}.Release MX|Win32.Build.0 = Release|Win32
		{A3F15A0A-40E5-3A64-A8D1-0E84677D761B}.Release MX|x64.ActiveCfg = Release|Win32
		{A3F15A0A-40E5-3A64-A8D1-0E84677D761B}.Release MX|x64.Build.0 = Release|Win32
		{A3F15A0A-40E5-3A64-A8D1-0E84677D761B}.Release MX|x86.ActiveCfg = Release|Win32
		{A3F15A0A-40E5-3A64-A8D1-0E84677D761B}.Release MX|x86.Build.0 = Release|Win32
		{A3F15A0A-40E5-3A64-A8D1-0E84677D761B}.Release|Mixed Platforms.ActiveCfg = Release|Win32
		{A3F15A0A-40E5-3A64-A8D1-0E84677D761B}.Release|Mixed Platforms.Build.0 = Release|Win32
		{A3F15A0A-40E5-3A64-A8D1-0E84677D761B}.Release|Win32.ActiveCfg = Release|Win32
		{A3F15A0A-40E5-3A64-A8D1-0E84677D761B}.Release|Win32.Build.0 = Release|Win32
		{A3F15A0A-40E5-3A64-A8D1-0E84677D761B}.Release|x64.ActiveCfg = Release|Win32
		{A3F15A0A-40E5-3A64-A8D1-0E84677D761B}.Release|x86.ActiveCfg = Release|Win32
		{A3F15A0A-40E5-3A64-A8D1-0E84677D761B}.Release|x86.Build.0 = Release|Win32
		{A3F15A0A-40E5-3A64-A8D1-0E84677D761B}.RelWithDebInfo|Mixed Platforms.ActiveCfg = RelWithDebInfo|Win32
		{A3F15A0A-40E5-3A64-A8D1-0E84677D761B}.RelWithDebInfo|Mixed Platforms.Build.0 = RelWithDebInfo|Win32
		{A3F15A0A-40E5-3A64-A8D1-0E84677D761B}.RelWithDebInfo|Win32.ActiveCfg = RelWithDebInfo|Win32
		{A3F15A0A-40E5-3A64-A8D1-0E84677D761B}.RelWithDebInfo|Win32.Build.0 = RelWithDebInfo|Win32
		{A3F15A0A-40E5-3A64-A8D1-0E84677D761B}.RelWithDebInfo|x64.ActiveCfg = RelWithDebInfo|Win32
		{A3F15A0A-40E5-3A64-A8D1-0E84677D761B}.RelWithDebInfo|x86.ActiveCfg = RelWithDebInfo|Win32
		{A3F15A0A-40E5-3A64-A8D1-0E84677D761B}.RelWithDebInfo|x86.Build.0 = RelWithDebInfo|Win32
		{2D3F88DC-584A-361B-BB8C-9FAC6BBD178A}.Debug MX|Mixed Platforms.ActiveCfg = Debug|Win32
		{2D3F88DC-584A-361B-BB8C-9FAC6BBD178A}.Debug MX|Mixed Platforms.Build.0 = Debug|Win32
		{2D3F88DC-584A-361B-BB8C-9FAC6BBD178A}.Debug MX|Win32.ActiveCfg = Debug|Win32
		{2D3F88DC-584A-361B-BB8C-9FAC6BBD178A}.Debug MX|Win32.Build.0 = Debug|Win32
		{2D3F88DC-584A-361B-BB8C-9FAC6BBD178A}.Debug MX|x64.ActiveCfg = Release|Win32
		{2D3F88DC-584A-361B-BB8C-9FAC6BBD178A}.Debug MX|x64.Build.0 = Release|Win32
		{2D3F88DC-584A-361B-BB8C-9FAC6BBD178A}.Debug MX|x86.ActiveCfg = Debug|Win32
		{2D3F88DC-584A-361B-BB8C-9FAC6BBD178A}.Debug MX|x86.Build.0 = Debug|Win32
		{2D3F88DC-584A-361B-BB8C-9FAC6BBD178A}.Debug|Mixed Platforms.ActiveCfg = Debug|Win32
		{2D3F88DC-584A-361B-BB8C-9FAC6BBD178A}.Debug|Mixed Platforms.Build.0 = Debug|Win32
		{2D3F88DC-584A-361B-BB8C-9FAC6BBD178A}.Debug|Win32.ActiveCfg = Debug|Win32
		{2D3F88DC-584A-361B-BB8C-9FAC6BBD178A}.Debug|Win32.Build.0 = Debug|Win32
		{2D3F88DC-584A-361B-BB8C-9FAC6BBD178A}.Debug|x64.ActiveCfg = Debug|Win32
		{2D3F88DC-584A-361B-BB8C-9FAC6BBD178A}.Debug|x86.ActiveCfg = Debug|Win32
		{2D3F88DC-584A-361B-BB8C-9FAC6BBD178A}.Debug|x86.Build.0 = Debug|Win32
		{2D3F88DC-584A-361B-BB8C-9FAC6BBD178A}.MinSizeRel|Mixed Platforms.ActiveCfg = MinSizeRel|Win32
		{2D3F88DC-584A-361B-BB8C-9FAC6BBD178A}.MinSizeRel|Mixed Platforms.Build.0 = MinSizeRel|Win32
		{2D3F88DC-584A-361B-BB8C-9FAC6BBD178A}.MinSizeRel|Win32.ActiveCfg = MinSizeRel|Win32
		{2D3F88DC-584A-361B-BB8C-9FAC6BBD178A}.MinSizeRel|Win32.Build.0 = MinSizeRel|Win32
		{2D3F88DC-584A-361B-BB8C-9FAC6BBD178A}.MinSizeRel|x64.ActiveCfg = MinSizeRel|Win32
		{2D3F88DC-584A-361B-BB8C-9FAC6BBD178A}.MinSizeRel|x86.ActiveCfg = MinSizeRel|Win32
		{2D3F88DC-584A-361B-BB8C-9FAC6BBD178A}.MinSizeRel|x86.Build.0 = MinSizeRel|Win32
		{2D3F88DC-584A-361B-BB8C-9FAC6BBD178A}.Release MX|Mixed Platforms.ActiveCfg = Release|Win32
		{2D3F88DC-584A-361B-BB8C-9FAC6BBD178A}.Release MX|Mixed Platforms.Build.0 = Release|Win32
		{2D3F88DC-584A-361B-BB8C-9FAC6BBD178A}.Release MX|Win32.ActiveCfg = Release|Win32
		{2D3F88DC-584A-361B-BB8C-9FAC6BBD178A}.Release MX|Win32.Build.0 = Release|Win32
		{2D3F88DC-584A-361B-BB8C-9FAC6BBD178A}.Release MX|x64.ActiveCfg = Release|Win32
		{2D3F88DC-584A-361B-BB8C-9FAC6BBD178A}.Release MX|x64.Build.0 = Release|Win32
		{2D3F88DC-584A-361B-BB8C-9FAC6BBD178A}.Release MX|x86.ActiveCfg = Release|Win32
		{2D3F88DC-584A-361B-BB8C-9FAC6BBD178A}.Release MX|x86.Build.0 = Release|Win32
		{2D3F88DC-584A-361B-BB8C-9FAC6BBD178A}.Release|Mixed Platforms.ActiveCfg = Release|Win32
		{2D3F88DC-584A-361B-BB8C-9FAC6BBD178A}.Release|Mixed Platforms.Build.0 = Release|Win32
		{2D3F88DC-584A-361B-BB8C-9FAC6BBD178A}.Release|Win32.ActiveCfg = Release|Win32
		{2D3F88DC-584A-361B-BB8C-9FAC6BBD178A}.Release|Win32.Build.0 = Release|Win32
		{2D3F88DC-584A-361B-BB8C-9FAC6BBD178A}.Release|x64.ActiveCfg = Release|Win32
		{2D3F88DC-584A-361B-BB8C-9FAC6BBD178A}.Release|x86.ActiveCfg = Release|Win32
		{2D3F88DC-584A-361B-BB8C-9FAC6BBD178A}.Release|x86.Build.0 = Release|Win32
		{2D3F88DC-584A-361B-BB8C-9FAC6BBD178A}.RelWithDebInfo|Mixed Platforms.ActiveCfg = RelWithDebInfo|Win32
		{2D3F88DC-584A-361B-BB8C-9FAC6BBD178A}.RelWithDebInfo|Mixed Platforms.Build.0 = RelWithDebInfo|Win32
		{2D3F88DC-584A-361B-BB8C-9FAC6BBD178A}.RelWithDebInfo|Win32.ActiveCfg = RelWithDebInfo|Win32
		{2D3F88DC-584A-361B-BB8C-9FAC6BBD178A}.RelWithDebInfo|Win32.Build.0 = RelWithDebInfo|Win32
		{2D3F88DC-584A-361B-BB8C-9FAC6BBD178A}.RelWithDebInfo|x64.ActiveCfg = RelWithDebInfo|Win32
		{2D3F88DC-584A-361B-BB8C-9FAC6BBD178A}.RelWithDebInfo|x86.ActiveCfg = RelWithDebInfo|Win32
		{2D3F88DC-584A-361B-BB8C-9FAC6BBD178A}.RelWithDebInfo|x86.Build.0 = RelWithDebInfo|Win32
		{E7EECA39-B1E4-4C29-8B8A-91D7504F26A1}.Debug MX|Mixed Platforms.ActiveCfg = Debug|Win32
		{E7EECA39-B1E4-4C29-8B8A-91D7504F26A1}.Debug MX|Mixed Platforms.Build.0 = Debug|Win32
		{E7EECA39-B1E4-4C29-8B8A-91D7504F26A1}.Debug MX|Win32.ActiveCfg = Debug|Win32
		{E7EECA39-B1E4-4C29-8B8A-91D7504F26A1}.Debug MX|Win32.Build.0 = Debug|Win32
		{E7EECA39-B1E4-4C29-8B8A-91D7504F26A1}.Debug MX|x64.ActiveCfg = Debug|x64
		{E7EECA39-B1E4-4C29-8B8A-91D7504F26A1}.Debug MX|x64.Build.0 = Debug|x64
		{E7EECA39-B1E4-4C29-8B8A-91D7504F26A1}.Debug MX|x86.ActiveCfg = Debug|Win32
		{E7EECA39-B1E4-4C29-8B8A-91D7504F26A1}.Debug MX|x86.Build.0 = Debug|Win32
		{E7EECA39-B1E4-4C29-8B8A-91D7504F26A1}.Debug|Mixed Platforms.ActiveCfg = Debug|Win32
		{E7EECA39-B1E4-4C29-8B8A-91D7504F26A1}.Debug|Mixed Platforms.Build.0 = Debug|Win32
		{E7EECA39-B1E4-4C29-8B8A-91D7504F26A1}.Debug|Win32.ActiveCfg = Debug|Win32
		{E7EECA39-B1E4-4C29-8B8A-91D7504F26A1}.Debug|Win32.Build.0 = Debug|Win32
		{E7EECA39-B1E4-4C29-8B8A-91D7504F26A1}.Debug|x64.ActiveCfg = Debug|x64
		{E7EECA39-B1E4-4C29-8B8A-91D7504F26A1}.Debug|x64.Build.0 = Debug|x64
		{E7EECA39-B1E4-4C29-8B8A-91D7504F26A1}.Debug|x86.ActiveCfg = Debug|Win32
		{E7EECA39-B1E4-4C29-8B8A-91D7504F26A1}.Debug|x86.Build.0 = Debug|Win32
		{E7EECA39-B1E4-4C29-8B8A-91D7504F26A1}.MinSizeRel|Mixed Platforms.ActiveCfg = Release|Win32
		{E7EECA39-B1E4-4C29-8B8A-91D7504F26A1}.MinSizeRel|Mixed Platforms.Build.0 = Release|Win32
		{E7EECA39-B1E4-4C29-8B8A-91D7504F26A1}.MinSizeRel|Win32.ActiveCfg = Release|Win32
		{E7EECA39-B1E4-4C29-8B8A-91D7504F26A1}.MinSizeRel|Win32.Build.0 = Release|Win32
		{E7EECA39-B1E4-4C29-8B8A-91D7504F26A1}.MinSizeRel|x64.ActiveCfg = Release|x64
		{E7EECA39-B1E4-4C29-8B8A-91D7504F26A1}.MinSizeRel|x64.Build.0 = Release|x64
		{E7EECA39-B1E4-4C29-8B8A-91D7504F26A1}.MinSizeRel|x86.ActiveCfg = Release|Win32
		{E7EECA39-B1E4-4C29-8B8A-91D7504F26A1}.MinSizeRel|x86.Build.0 = Release|Win32
		{E7EECA39-B1E4-4C29-8B8A-91D7504F26A1}.Release MX|Mixed Platforms.ActiveCfg = Release|Win32
		{E7EECA39-B1E4-4C29-8B8A-91D7504F26A1}.Release MX|Mixed Platforms.Build.0 = Release|Win32
		{E7EECA39-B1E4-4C29-8B8A-91D7504F26A1}.Release MX|Win32.ActiveCfg = Release|Win32
		{E7EECA39-B1E4-4C29-8B8A-91D7504F26A1}.Release MX|Win32.Build.0 = Release|Win32
		{E7EECA39-B1E4-4C29-8B8A-91D7504F26A1}.Release MX|x64.ActiveCfg = Release|x64
		{E7EECA39-B1E4-4C29-8B8A-91D7504F26A1}.Release MX|x64.Build.0 = Release|x64
		{E7EECA39-B1E4-4C29-8B8A-91D7504F26A1}.Release MX|x86.ActiveCfg = Release|Win32
		{E7EECA39-B1E4-4C29-8B8A-91D7504F26A1}.Release MX|x86.Build.0 = Release|Win32
		{E7EECA39-B1E4-4C29-8B8A-91D7504F26A1}.Release|Mixed Platforms.ActiveCfg = Release|Win32
		{E7EECA39-B1E4-4C29-8B8A-91D7504F26A1}.Release|Mixed Platforms.Build.0 = Release|Win32
		{E7EECA39-B1E4-4C29-8B8A-91D7504F26A1}.Release|Win32.ActiveCfg = Release|Win32
		{E7EECA39-B1E4-4C29-8B8A-91D7504F26A1}.Release|Win32.Build.0 = Release|Win32
		{E7EECA39-B1E4-4C29-8B8A-91D7504F26A1}.Release|x64.ActiveCfg = Release|x64
		{E7EECA39-B1E4-4C29-8B8A-91D7504F26A1}.Release|x64.Build.0 = Release|x64
		{E7EECA39-B1E4-4C29-8B8A-91D7504F26A1}.Release|x86.ActiveCfg = Release|Win32
		{E7EECA39-B1E4-4C29-8B8A-91D7504F26A1}.Release|x86.Build.0 = Release|Win32
		{E7EECA39-B1E4-4C29-8B8A-91D7504F26A1}.RelWithDebInfo|Mixed Platforms.ActiveCfg = Release|Win32
		{E7EECA39-B1E4-4C29-8B8A-91D7504F26A1}.RelWithDebInfo|Mixed Platforms.Build.0 = Release|Win32
		{E7EECA39-B1E4-4C29-8B8A-91D7504F26A1}.RelWithDebInfo|Win32.ActiveCfg = Release|Win32
		{E7EECA39-B1E4-4C29-8B8A-91D7504F26A1}.RelWithDebInfo|Win32.Build.0 = Release|Win32
		{E7EECA39-B1E4-4C29-8B8A-91D7504F26A1}.RelWithDebInfo|x64.ActiveCfg = Release|x64
		{E7EECA39-B1E4-4C29-8B8A-91D7504F26A1}.RelWithDebInfo|x64.Build.0 = Release|x64
		{E7EECA39-B1E4-4C29-8B8A-91D7504F26A1}.RelWithDebInfo|x86.ActiveCfg = Release|Win32
		{E7EECA39-B1E4-4C29-8B8A-91D7504F26A1}.RelWithDebInfo|x86.Build.0 = Release|Win32
		{855C7BF4-681D-4EA9-A240-FA9483CED820}.Debug MX|Mixed Platforms.ActiveCfg = Debug|Win32
		{855C7BF4-681D-4EA9-A240-FA9483CED820}.Debug MX|Mixed Platforms.Build.0 = Debug|Win32
		{855C7BF4-681D-4EA9-A240-FA9483CED820}.Debug MX|Win32.ActiveCfg = Debug|Win32
		{855C7BF4-681D-4EA9-A240-FA9483CED820}.Debug MX|Win32.Build.0 = Debug|Win32
		{855C7BF4-681D-4EA9-A240-FA9483CED820}.Debug MX|x64.ActiveCfg = Debug|x64
		{855C7BF4-681D-4EA9-A240-FA9483CED820}.Debug MX|x64.Build.0 = Debug|x64
		{855C7BF4-681D-4EA9-A240-FA9483CED820}.Debug MX|x86.ActiveCfg = Debug|Win32
		{855C7BF4-681D-4EA9-A240-FA9483CED820}.Debug MX|x86.Build.0 = Debug|Win32
		{855C7BF4-681D-4EA9-A240-FA9483CED820}.Debug|Mixed Platforms.ActiveCfg = Debug|Win32
		{855C7BF4-681D-4EA9-A240-FA9483CED820}.Debug|Mixed Platforms.Build.0 = Debug|Win32
		{855C7BF4-681D-4EA9-A240-FA9483CED820}.Debug|Win32.ActiveCfg = Debug|Win32
		{855C7BF4-681D-4EA9-A240-FA9483CED820}.Debug|Win32.Build.0 = Debug|Win32
		{855C7BF4-681D-4EA9-A240-FA9483CED820}.Debug|x64.ActiveCfg = Debug|x64
		{855C7BF4-681D-4EA9-A240-FA9483CED820}.Debug|x64.Build.0 = Debug|x64
		{855C7BF4-681D-4EA9-A240-FA9483CED820}.Debug|x86.ActiveCfg = Debug|Win32
		{855C7BF4-681D-4EA9-A240-FA9483CED820}.Debug|x86.Build.0 = Debug|Win32
		{855C7BF4-681D-4EA9-A240-FA9483CED820}.MinSizeRel|Mixed Platforms.ActiveCfg = Release|Win32
		{855C7BF4-681D-4EA9-A240-FA9483CED820}.MinSizeRel|Mixed Platforms.Build.0 = Release|Win32
		{855C7BF4-681D-4EA9-A240-FA9483CED820}.MinSizeRel|Win32.ActiveCfg = Release|Win32
		{855C7BF4-681D-4EA9-A240-FA9483CED820}.MinSizeRel|Win32.Build.0 = Release|Win32
		{855C7BF4-681D-4EA9-A240-FA9483CED820}.MinSizeRel|x64.ActiveCfg = Release|x64
		{855C7BF4-681D-4EA9-A240-FA9483CED820}.MinSizeRel|x64.Build.0 = Release|x64
		{855C7BF4-681D-4EA9-A240-FA9483CED820}.MinSizeRel|x86.ActiveCfg = Release|Win32
		{855C7BF4-681D-4EA9-A240-FA9483CED820}.MinSizeRel|x86.Build.0 = Release|Win32
		{855C7BF4-681D-4EA9-A240-FA9483CED820}.Release MX|Mixed Platforms.ActiveCfg = Release|Win32
		{855C7BF4-681D-4EA9-A240-FA9483CED820}.Release MX|Mixed Platforms.Build.0 = Release|Win32
		{855C7BF4-681D-4EA9-A240-FA9483CED820}.Release MX|Win32.ActiveCfg = Release|Win32
		{855C7BF4-681D-4EA9-A240-FA9483CED820}.Release MX|Win32.Build.0 = Release|Win32
		{855C7BF4-681D-4EA9-A240-FA9483CED820}.Release MX|x64.ActiveCfg = Release|x64
		{855C7BF4-681D-4EA9-A240-FA9483CED820}.Release MX|x64.Build.0 = Release|x64
		{855C7BF4-681D-4EA9-A240-FA9483CED820}.Release MX|x86.ActiveCfg = Release|Win32
		{855C7BF4-681D-4EA9-A240-FA9483CED820}.Release MX|x86.Build.0 = Release|Win32
		{855C7BF4-681D-4EA9-A240-FA9483CED820}.Release|Mixed Platforms.ActiveCfg = Release|Win32
		{855C7BF4-681D-4EA9-A240-FA9483CED820}.Release|Mixed Platforms.Build.0 = Release|Win32
		{855C7BF4-681D-4EA9-A240-FA9483CED820}.Release|Win32.ActiveCfg = Release|Win32
		{855C7BF4-681D-4EA9-A240-FA9483CED820}.Release|Win32.Build.0 = Release|Win32
		{855C7BF4-681D-4EA9-A240-FA9483CED820}.Release|x64.ActiveCfg = Release|x64
		{855C7BF4-681D-4EA9-A240-FA9483CED820}.Release|x64.Build.0 = Release|x64
		{855C7BF4-681D-4EA9-A240-FA9483CED820}.Release|x86.ActiveCfg = Release|Win32
		{855C7BF4-681D-4EA9-A240-FA9483CED820}.Release|x86.Build.0 = Release|Win32
		{855C7BF4-681D-4EA9-A240-FA9483CED820}.RelWithDebInfo|Mixed Platforms.ActiveCfg = Release|Win32
		{855C7BF4-681D-4EA9-A240-FA9483CED820}.RelWithDebInfo|Mixed Platforms.Build.0 = Release|Win32
		{855C7BF4-681D-4EA9-A240-FA9483CED820}.RelWithDebInfo|Win32.ActiveCfg = Release|Win32
		{855C7BF4-681D-4EA9-A240-FA9483CED820}.RelWithDebInfo|Win32.Build.0 = Release|Win32
		{855C7BF4-681D-4EA9-A240-FA9483CED820}.RelWithDebInfo|x64.ActiveCfg = Release|x64
		{855C7BF4-681D-4EA9-A240-FA9483CED820}.RelWithDebInfo|x64.Build.0 = Release|x64
		{855C7BF4-681D-4EA9-A240-FA9483CED820}.RelWithDebInfo|x86.ActiveCfg = Release|Win32
		{855C7BF4-681D-4EA9-A240-FA9483CED820}.RelWithDebInfo|x86.Build.0 = Release|Win32
	EndGlobalSection
	GlobalSection(SolutionProperties) = preSolution
		HideSolutionNode = FALSE
	EndGlobalSection
EndGlobal
