<?xml version="1.0" encoding="utf-8"?>
<Project ToolsVersion="4.0" xmlns="http://schemas.microsoft.com/developer/msbuild/2003">
  <ItemGroup>
    <Filter Include="src">
      <UniqueIdentifier>{ed35fda0-9fba-4a8e-abcf-4640ed84cd2c}</UniqueIdentifier>
    </Filter>
    <Filter Include="src\Context">
      <UniqueIdentifier>{9724bb31-a5f8-4dc2-a1b5-a8c098a592b5}</UniqueIdentifier>
    </Filter>
    <Filter Include="src\Core">
      <UniqueIdentifier>{e5e89a69-1758-453a-af4d-6ae97122a684}</UniqueIdentifier>
    </Filter>
    <Filter Include="src\Shader">
      <UniqueIdentifier>{e1de3521-64c5-416f-aafb-3d9377e6be49}</UniqueIdentifier>
    </Filter>
    <Filter Include="src\Buffer">
      <UniqueIdentifier>{e76a4ffa-602c-4cc1-8caf-285b209175c6}</UniqueIdentifier>
    </Filter>
    <Filter Include="src\Render">
      <UniqueIdentifier>{2de46290-84dd-409a-914e-e012f32c77a3}</UniqueIdentifier>
    </Filter>
    <Filter Include="src\Texture">
      <UniqueIdentifier>{48e84edf-04e8-4f56-8e2d-bbe20ba2c055}</UniqueIdentifier>
    </Filter>
  </ItemGroup>
  <ItemGroup>
    <ClCompile Include="src\Context\VulkanContext.cpp">
      <Filter>src\Context</Filter>
    </ClCompile>
    <ClCompile Include="src\Core\VulkanUtility.cpp">
      <Filter>src\Core</Filter>
    </ClCompile>
    <ClCompile Include="src\Shader\VulkanShader.cpp">
      <Filter>src\Shader</Filter>
    </ClCompile>
    <ClCompile Include="src\Shader\VulkanGraphicsShader.cpp">
      <Filter>src\Shader</Filter>
    </ClCompile>
    <ClCompile Include="src\Buffer\CmdBuffer.cpp">
      <Filter>src\Buffer</Filter>
    </ClCompile>
    <ClCompile Include="src\Context\CmdBufferMgr.cpp">
      <Filter>src\Context</Filter>
    </ClCompile>
    <ClCompile Include="src\Buffer\VulkanVertexBuffer.cpp">
      <Filter>src\Buffer</Filter>
    </ClCompile>
    <ClCompile Include="src\Buffer\VulkanBuffer.cpp">
      <Filter>src\Buffer</Filter>
    </ClCompile>
    <ClCompile Include="src\Context\QueueMgr.cpp">
      <Filter>src\Context</Filter>
    </ClCompile>
    <ClCompile Include="src\Buffer\VulkanIndexBuffer.cpp">
      <Filter>src\Buffer</Filter>
    </ClCompile>
    <ClCompile Include="src\Buffer\VulkanUniformBuffer.cpp">
      <Filter>src\Buffer</Filter>
    </ClCompile>
    <ClCompile Include="src\Buffer\VulkanDescriptorBuffer.cpp">
      <Filter>src\Buffer</Filter>
    </ClCompile>
    <ClCompile Include="src\Context\DescriptorMgr.cpp">
      <Filter>src\Context</Filter>
    </ClCompile>
    <ClCompile Include="src\Render\VulkanRender.cpp">
      <Filter>src\Render</Filter>
    </ClCompile>
    <ClCompile Include="src\Texture\VulkanTexture2D.cpp">
      <Filter>src\Texture</Filter>
    </ClCompile>
    <ClCompile Include="src\Render\VulkanForwardRender.cpp">
      <Filter>src\Render</Filter>
    </ClCompile>
    <ClCompile Include="src\Buffer\VulkanFramebuffer.cpp">
      <Filter>src\Buffer</Filter>
    </ClCompile>
    <ClCompile Include="src\Texture\VulkanTexture3D.cpp">
      <Filter>src\Texture</Filter>
    </ClCompile>
    <ClCompile Include="src\Texture\VulkanTextureCubemap.cpp">
      <Filter>src\Texture</Filter>
    </ClCompile>
    <ClCompile Include="src\Context\TextureMgr.cpp">
      <Filter>src\Context</Filter>
    </ClCompile>
    <ClCompile Include="src\Render\VulkanRenderPass.cpp">
      <Filter>src\Render</Filter>
    </ClCompile>
    <ClCompile Include="src\Buffer\VulkanUniformBufferDynamic.cpp">
      <Filter>src\Buffer</Filter>
    </ClCompile>
  </ItemGroup>
  <ItemGroup>
    <ClInclude Include="src\Context\VulkanContext.h">
      <Filter>src\Context</Filter>
    </ClInclude>
    <ClInclude Include="src\Core\VDeleter.h">
      <Filter>src\Core</Filter>
    </ClInclude>
    <ClInclude Include="src\Core\VulkanPCH.h">
      <Filter>src\Core</Filter>
    </ClInclude>
    <ClInclude Include="src\Core\VulkanUtility.h">
      <Filter>src\Core</Filter>
    </ClInclude>
    <ClInclude Include="src\Context\BxQueue.h">
      <Filter>src\Context</Filter>
    </ClInclude>
    <ClInclude Include="src\Shader\VulkanShader.h">
      <Filter>src\Shader</Filter>
    </ClInclude>
    <ClInclude Include="src\Shader\VulkanGraphicsShader.h">
      <Filter>src\Shader</Filter>
    </ClInclude>
    <ClInclude Include="src\Buffer\CmdBuffer.h">
      <Filter>src\Buffer</Filter>
    </ClInclude>
    <ClInclude Include="src\Context\CmdBufferMgr.h">
      <Filter>src\Context</Filter>
    </ClInclude>
    <ClInclude Include="src\Core\VulkanTypeDef.h">
      <Filter>src\Core</Filter>
    </ClInclude>
    <ClInclude Include="src\Buffer\VulkanVertexBuffer.h">
      <Filter>src\Buffer</Filter>
    </ClInclude>
    <ClInclude Include="src\Buffer\VulkanBuffer.h">
      <Filter>src\Buffer</Filter>
    </ClInclude>
    <ClInclude Include="src\Buffer\BufferInfo.h">
      <Filter>src\Buffer</Filter>
    </ClInclude>
    <ClInclude Include="src\Buffer\VulkanIndexBuffer.h">
      <Filter>src\Buffer</Filter>
    </ClInclude>
    <ClInclude Include="src\Buffer\VulkanUniformBuffer.h">
      <Filter>src\Buffer</Filter>
    </ClInclude>
    <ClInclude Include="src\Buffer\VulkanDescriptorBuffer.h">
      <Filter>src\Buffer</Filter>
    </ClInclude>
    <ClInclude Include="src\Context\DescriptorMgr.h">
      <Filter>src\Context</Filter>
    </ClInclude>
    <ClInclude Include="src\Render\VulkanRender.h">
      <Filter>src\Render</Filter>
    </ClInclude>
    <ClInclude Include="src\Buffer\VulkanFramebuffer.h">
      <Filter>src\Buffer</Filter>
    </ClInclude>
    <ClInclude Include="src\Texture\VulkanTexture.h">
      <Filter>src\Texture</Filter>
    </ClInclude>
    <ClInclude Include="src\Context\TextureMgr.h">
      <Filter>src\Context</Filter>
    </ClInclude>
    <ClInclude Include="src\Render\VulkanRenderPass.h">
      <Filter>src\Render</Filter>
    </ClInclude>
    <ClInclude Include="src\Buffer\VulkanUniformBufferDynamic.h">
      <Filter>src\Buffer</Filter>
    </ClInclude>
  </ItemGroup>
  <ItemGroup>
    <None Include="VulkanEngine.licenseheader" />
  </ItemGroup>
</Project>