<?xml version="1.0" encoding="utf-8"?>
<Project ToolsVersion="4.0" xmlns="http://schemas.microsoft.com/developer/msbuild/2003">
  <ItemGroup>
    <Filter Include="src">
      <UniqueIdentifier>{275f2b8b-f8a2-4d5e-b982-139fa72a2369}</UniqueIdentifier>
    </Filter>
    <Filter Include="src\Core">
      <UniqueIdentifier>{10181c5d-7497-4434-be05-d4b4f46024bf}</UniqueIdentifier>
    </Filter>
    <Filter Include="src\Math">
      <UniqueIdentifier>{d0ca92a1-f27a-4832-b441-fc42b9244cb6}</UniqueIdentifier>
    </Filter>
    <Filter Include="src\Math\Transform">
      <UniqueIdentifier>{3bf1929c-b9ab-4756-af92-45448fcdf146}</UniqueIdentifier>
    </Filter>
    <Filter Include="src\Setting">
      <UniqueIdentifier>{0097f7ea-7ec0-41f1-a265-b635761b5aeb}</UniqueIdentifier>
    </Filter>
    <Filter Include="src\Texture">
      <UniqueIdentifier>{b75b9b63-43fd-4a0c-9c48-a0664c834238}</UniqueIdentifier>
    </Filter>
    <Filter Include="src\Scene">
      <UniqueIdentifier>{9d8384dc-cc1f-4139-b1d8-c4a07de08b3a}</UniqueIdentifier>
    </Filter>
    <Filter Include="src\Object">
      <UniqueIdentifier>{73338b44-6f76-4885-8a04-2fd36b1792c5}</UniqueIdentifier>
    </Filter>
    <Filter Include="src\Object\Camera">
      <UniqueIdentifier>{17499af6-8e77-4a7a-9640-bff884373af6}</UniqueIdentifier>
    </Filter>
    <Filter Include="src\Object\Light">
      <UniqueIdentifier>{d1dc9f5d-16a5-4636-974d-5f76311dece1}</UniqueIdentifier>
    </Filter>
    <Filter Include="src\Object\Model">
      <UniqueIdentifier>{0a8a55d4-ecd7-41f4-976e-37fa3ee0d57d}</UniqueIdentifier>
    </Filter>
    <Filter Include="src\Object\Model\Mesh">
      <UniqueIdentifier>{76cd38c9-2938-49ba-ae02-9f16aa2a713e}</UniqueIdentifier>
    </Filter>
    <Filter Include="src\Object\Model\Material">
      <UniqueIdentifier>{d18d3660-2172-457c-98c9-a58536f37929}</UniqueIdentifier>
    </Filter>
    <Filter Include="src\Structure">
      <UniqueIdentifier>{ff230ee4-cd91-4ff7-ab5d-3e2489d18a31}</UniqueIdentifier>
    </Filter>
    <Filter Include="src\Memory">
      <UniqueIdentifier>{0a51aa4d-58d2-4d2a-af02-6231f2914fd6}</UniqueIdentifier>
    </Filter>
    <Filter Include="src\Thread">
      <UniqueIdentifier>{fce1aad6-4986-4a2a-8de6-df2c831bdec0}</UniqueIdentifier>
    </Filter>
  </ItemGroup>
  <ItemGroup>
    <ClInclude Include="src\Core\TypeDef.h">
      <Filter>src\Core</Filter>
    </ClInclude>
    <ClInclude Include="src\Core\Utility.h">
      <Filter>src\Core</Filter>
    </ClInclude>
    <ClInclude Include="src\Math\Math.h">
      <Filter>src\Math</Filter>
    </ClInclude>
    <ClInclude Include="src\Math\Matrix2x2.h">
      <Filter>src\Math</Filter>
    </ClInclude>
    <ClInclude Include="src\Math\Matrix3x3.h">
      <Filter>src\Math</Filter>
    </ClInclude>
    <ClInclude Include="src\Math\Matrix4x4.h">
      <Filter>src\Math</Filter>
    </ClInclude>
    <ClInclude Include="src\Math\Quaternion.h">
      <Filter>src\Math</Filter>
    </ClInclude>
    <ClInclude Include="src\Math\Structures.h">
      <Filter>src\Math</Filter>
    </ClInclude>
    <ClInclude Include="src\Math\Vector2.h">
      <Filter>src\Math</Filter>
    </ClInclude>
    <ClInclude Include="src\Math\Vector3.h">
      <Filter>src\Math</Filter>
    </ClInclude>
    <ClInclude Include="src\Math\Vector4.h">
      <Filter>src\Math</Filter>
    </ClInclude>
    <ClInclude Include="src\Math\Transform\Trans.h">
      <Filter>src\Math\Transform</Filter>
    </ClInclude>
    <ClInclude Include="src\Core\PCH.h">
      <Filter>src\Core</Filter>
    </ClInclude>
    <ClInclude Include="src\Setting\Setting.h">
      <Filter>src\Setting</Filter>
    </ClInclude>
    <ClInclude Include="src\Texture\Texture2D.h">
      <Filter>src\Texture</Filter>
    </ClInclude>
    <ClInclude Include="src\Texture\Texture3D.h">
      <Filter>src\Texture</Filter>
    </ClInclude>
    <ClInclude Include="src\Texture\Cubemap.h">
      <Filter>src\Texture</Filter>
    </ClInclude>
    <ClInclude Include="src\Texture\TextureBase.h">
      <Filter>src\Texture</Filter>
    </ClInclude>
    <ClInclude Include="src\Scene\RenderScene.h">
      <Filter>src\Scene</Filter>
    </ClInclude>
    <ClInclude Include="src\Object\Camera\Camera.h">
      <Filter>src\Object\Camera</Filter>
    </ClInclude>
    <ClInclude Include="src\Object\Light\Light.h">
      <Filter>src\Object\Light</Filter>
    </ClInclude>
    <ClInclude Include="src\Object\Model\Model.h">
      <Filter>src\Object\Model</Filter>
    </ClInclude>
    <ClInclude Include="src\Object\Model\Mesh\ModelLoaderBase.h">
      <Filter>src\Object\Model\Mesh</Filter>
    </ClInclude>
    <ClInclude Include="src\Object\Model\Mesh\ObjModelLoader.h">
      <Filter>src\Object\Model\Mesh</Filter>
    </ClInclude>
    <ClInclude Include="src\Object\Model\Mesh\Mesh.h">
      <Filter>src\Object\Model\Mesh</Filter>
    </ClInclude>
    <ClInclude Include="src\Object\Model\Material\Material.h">
      <Filter>src\Object\Model\Material</Filter>
    </ClInclude>
    <ClInclude Include="src\Object\ObjectBase.h">
      <Filter>src\Object</Filter>
    </ClInclude>
    <ClInclude Include="src\Structure\LinkedList.h">
      <Filter>src\Structure</Filter>
    </ClInclude>
    <ClInclude Include="src\Memory\MemoryArena.h">
      <Filter>src\Memory</Filter>
    </ClInclude>
    <ClInclude Include="src\Memory\MemoryRaw.h">
      <Filter>src\Memory</Filter>
    </ClInclude>
    <ClInclude Include="src\Memory\MemoryUtilities.h">
      <Filter>src\Memory</Filter>
    </ClInclude>
    <ClInclude Include="src\Memory\MemoryAllocator.h">
      <Filter>src\Memory</Filter>
    </ClInclude>
    <ClInclude Include="src\Memory\BxMemory.h">
      <Filter>src\Memory</Filter>
    </ClInclude>
    <ClInclude Include="src\Structure\Queue.h">
      <Filter>src\Structure</Filter>
    </ClInclude>
    <ClInclude Include="src\Memory\MemoryPoolAllocator.h">
      <Filter>src\Memory</Filter>
    </ClInclude>
    <ClInclude Include="src\Memory\MemoryPool.h">
      <Filter>src\Memory</Filter>
    </ClInclude>
  </ItemGroup>
  <ItemGroup>
    <ClCompile Include="src\Math\Math.cpp">
      <Filter>src\Math</Filter>
    </ClCompile>
    <ClCompile Include="src\Math\Transform\Trans.cpp">
      <Filter>src\Math\Transform</Filter>
    </ClCompile>
    <ClCompile Include="src\Core\Utility.cpp">
      <Filter>src\Core</Filter>
    </ClCompile>
    <ClCompile Include="src\Texture\Texture2D.cpp">
      <Filter>src\Texture</Filter>
    </ClCompile>
    <ClCompile Include="src\Texture\Texture3D.cpp">
      <Filter>src\Texture</Filter>
    </ClCompile>
    <ClCompile Include="src\Texture\Cubemap.cpp">
      <Filter>src\Texture</Filter>
    </ClCompile>
    <ClCompile Include="src\Texture\TextureBase.cpp">
      <Filter>src\Texture</Filter>
    </ClCompile>
    <ClCompile Include="src\Scene\RenderScene.cpp">
      <Filter>src\Scene</Filter>
    </ClCompile>
    <ClCompile Include="src\Object\Camera\OrthographicCamera.cpp">
      <Filter>src\Object\Camera</Filter>
    </ClCompile>
    <ClCompile Include="src\Object\Camera\ProspectiveCamera.cpp">
      <Filter>src\Object\Camera</Filter>
    </ClCompile>
    <ClCompile Include="src\Object\Camera\Camera.cpp">
      <Filter>src\Object\Camera</Filter>
    </ClCompile>
    <ClCompile Include="src\Object\Light\Light.cpp">
      <Filter>src\Object\Light</Filter>
    </ClCompile>
    <ClCompile Include="src\Object\Light\PointLight.cpp">
      <Filter>src\Object\Light</Filter>
    </ClCompile>
    <ClCompile Include="src\Object\Light\SpotLight.cpp">
      <Filter>src\Object\Light</Filter>
    </ClCompile>
    <ClCompile Include="src\Object\Light\DirectionalLight.cpp">
      <Filter>src\Object\Light</Filter>
    </ClCompile>
    <ClCompile Include="src\Object\Model\Model.cpp">
      <Filter>src\Object\Model</Filter>
    </ClCompile>
    <ClCompile Include="src\Object\Model\Mesh\ObjModelLoader.cpp">
      <Filter>src\Object\Model\Mesh</Filter>
    </ClCompile>
    <ClCompile Include="src\Object\Model\Mesh\Mesh.cpp">
      <Filter>src\Object\Model\Mesh</Filter>
    </ClCompile>
    <ClCompile Include="src\Object\Model\Mesh\ModelLoaderBase.cpp">
      <Filter>src\Object\Model\Mesh</Filter>
    </ClCompile>
    <ClCompile Include="src\Object\Model\Material\Material.cpp">
      <Filter>src\Object\Model\Material</Filter>
    </ClCompile>
    <ClCompile Include="src\Object\ObjectBase.cpp">
      <Filter>src\Object</Filter>
    </ClCompile>
    <ClCompile Include="src\Memory\MemoryAllocator.cpp">
      <Filter>src\Memory</Filter>
    </ClCompile>
    <ClCompile Include="src\Memory\MemoryPoolAllocator.cpp">
      <Filter>src\Memory</Filter>
    </ClCompile>
    <ClCompile Include="src\Memory\MemoryPool.cpp">
      <Filter>src\Memory</Filter>
    </ClCompile>
  </ItemGroup>
  <ItemGroup>
    <None Include="src\Structure\LinkedList.inl">
      <Filter>src\Structure</Filter>
    </None>
    <None Include="src\Memory\MemoryArena.inl">
      <Filter>src\Memory</Filter>
    </None>
    <None Include="src\Structure\Queue.inl">
      <Filter>src\Structure</Filter>
    </None>
  </ItemGroup>
</Project>