<?xml version="1.0" encoding="utf-8"?>
<Project ToolsVersion="4.0" xmlns="http://schemas.microsoft.com/developer/msbuild/2003">
  <ItemGroup>
    <Filter Include="src">
      <UniqueIdentifier>{148314c9-b283-46c4-9129-40c998c364cc}</UniqueIdentifier>
    </Filter>
    <Filter Include="src\Context">
      <UniqueIdentifier>{bd78e284-05c7-4582-9727-73b78f05de2e}</UniqueIdentifier>
    </Filter>
  </ItemGroup>
  <ItemGroup>
    <ClInclude Include="src\Context\RayTracer.h">
      <Filter>src\Context</Filter>
    </ClInclude>
  </ItemGroup>
  <ItemGroup>
    <ClCompile Include="src\Context\RayTracer.cpp">
      <Filter>src\Context</Filter>
    </ClCompile>
  </ItemGroup>
</Project>